// !$*UTF8*$!
{
	archiveVersion = 1;
	classes = {
	};
	objectVersion = 48;
	objects = {

/* Begin PBXBuildFile section */
		A31E9FB41FC329DB0065130B /* AppDelegate.swift in Sources */ = {isa = PBXBuildFile; fileRef = A31E9FB31FC329DB0065130B /* AppDelegate.swift */; };
		A31E9FB61FC329DB0065130B /* ConcentrationViewController.swift in Sources */ = {isa = PBXBuildFile; fileRef = A31E9FB51FC329DB0065130B /* ConcentrationViewController.swift */; };
		A31E9FB91FC329DB0065130B /* Main.storyboard in Resources */ = {isa = PBXBuildFile; fileRef = A31E9FB71FC329DB0065130B /* Main.storyboard */; };
		A31E9FBB1FC329DB0065130B /* Assets.xcassets in Resources */ = {isa = PBXBuildFile; fileRef = A31E9FBA1FC329DB0065130B /* Assets.xcassets */; };
		A31E9FBE1FC329DB0065130B /* LaunchScreen.storyboard in Resources */ = {isa = PBXBuildFile; fileRef = A31E9FBC1FC329DB0065130B /* LaunchScreen.storyboard */; };
		A31E9FC71FC600EF0065130B /* Concentration.swift in Sources */ = {isa = PBXBuildFile; fileRef = A31E9FC61FC600EF0065130B /* Concentration.swift */; };
		A31E9FC91FC606AA0065130B /* Card.swift in Sources */ = {isa = PBXBuildFile; fileRef = A31E9FC81FC606AA0065130B /* Card.swift */; };
		A3AECB96208A810A0018D82B /* ThemeChooserViewController.swift in Sources */ = {isa = PBXBuildFile; fileRef = A3AECB95208A810A0018D82B /* ThemeChooserViewController.swift */; };
/* End PBXBuildFile section */

/* Begin PBXFileReference section */
		A31E9FB01FC329DB0065130B /* Concentration.app */ = {isa = PBXFileReference; explicitFileType = wrapper.application; includeInIndex = 0; path = Concentration.app; sourceTree = BUILT_PRODUCTS_DIR; };
		A31E9FB31FC329DB0065130B /* AppDelegate.swift */ = {isa = PBXFileReference; lastKnownFileType = sourcecode.swift; path = AppDelegate.swift; sourceTree = "<group>"; };
		A31E9FB51FC329DB0065130B /* ConcentrationViewController.swift */ = {isa = PBXFileReference; lastKnownFileType = sourcecode.swift; path = ConcentrationViewController.swift; sourceTree = "<group>"; };
		A31E9FB81FC329DB0065130B /* Base */ = {isa = PBXFileReference; lastKnownFileType = file.storyboard; name = Base; path = Base.lproj/Main.storyboard; sourceTree = "<group>"; };
		A31E9FBA1FC329DB0065130B /* Assets.xcassets */ = {isa = PBXFileReference; lastKnownFileType = folder.assetcatalog; path = Assets.xcassets; sourceTree = "<group>"; };
		A31E9FBD1FC329DB0065130B /* Base */ = {isa = PBXFileReference; lastKnownFileType = file.storyboard; name = Base; path = Base.lproj/LaunchScreen.storyboard; sourceTree = "<group>"; };
		A31E9FBF1FC329DB0065130B /* Info.plist */ = {isa = PBXFileReference; lastKnownFileType = text.plist.xml; path = Info.plist; sourceTree = "<group>"; };
		A31E9FC61FC600EF0065130B /* Concentration.swift */ = {isa = PBXFileReference; lastKnownFileType = sourcecode.swift; path = Concentration.swift; sourceTree = "<group>"; };
		A31E9FC81FC606AA0065130B /* Card.swift */ = {isa = PBXFileReference; lastKnownFileType = sourcecode.swift; path = Card.swift; sourceTree = "<group>"; };
		A3AECB95208A810A0018D82B /* ThemeChooserViewController.swift */ = {isa = PBXFileReference; lastKnownFileType = sourcecode.swift; path = ThemeChooserViewController.swift; sourceTree = "<group>"; };
/* End PBXFileReference section */

/* Begin PBXFrameworksBuildPhase section */
		A31E9FAD1FC329DB0065130B /* Frameworks */ = {
			isa = PBXFrameworksBuildPhase;
			buildActionMask = 2147483647;
			files = (
			);
			runOnlyForDeploymentPostprocessing = 0;
		};
/* End PBXFrameworksBuildPhase section */

/* Begin PBXGroup section */
		A31E9FA71FC329DB0065130B = {
			isa = PBXGroup;
			children = (
				A31E9FB21FC329DB0065130B /* Concentration */,
				A31E9FB11FC329DB0065130B /* Products */,
			);
			sourceTree = "<group>";
		};
		A31E9FB11FC329DB0065130B /* Products */ = {
			isa = PBXGroup;
			children = (
				A31E9FB01FC329DB0065130B /* Concentration.app */,
			);
			name = Products;
			sourceTree = "<group>";
		};
		A31E9FB21FC329DB0065130B /* Concentration */ = {
			isa = PBXGroup;
			children = (
				A31E9FC61FC600EF0065130B /* Concentration.swift */,
				A31E9FC81FC606AA0065130B /* Card.swift */,
				A31E9FC51FC32FE80065130B /* Supporting files */,
				A31E9FB51FC329DB0065130B /* ConcentrationViewController.swift */,
				A31E9FB71FC329DB0065130B /* Main.storyboard */,
				A3AECB95208A810A0018D82B /* ThemeChooserViewController.swift */,
				A31E9FBF1FC329DB0065130B /* Info.plist */,
			);
			path = Concentration;
			sourceTree = "<group>";
		};
		A31E9FC51FC32FE80065130B /* Supporting files */ = {
			isa = PBXGroup;
			children = (
				A31E9FB31FC329DB0065130B /* AppDelegate.swift */,
				A31E9FBA1FC329DB0065130B /* Assets.xcassets */,
				A31E9FBC1FC329DB0065130B /* LaunchScreen.storyboard */,
			);
			path = "Supporting files";
			sourceTree = "<group>";
		};
/* End PBXGroup section */

/* Begin PBXNativeTarget section */
		A31E9FAF1FC329DB0065130B /* Concentration */ = {
			isa = PBXNativeTarget;
			buildConfigurationList = A31E9FC21FC329DB0065130B /* Build configuration list for PBXNativeTarget "Concentration" */;
			buildPhases = (
				A31E9FAC1FC329DB0065130B /* Sources */,
				A31E9FAD1FC329DB0065130B /* Frameworks */,
				A31E9FAE1FC329DB0065130B /* Resources */,
			);
			buildRules = (
			);
			dependencies = (
			);
			name = Concentration;
			productName = Concentration;
			productReference = A31E9FB01FC329DB0065130B /* Concentration.app */;
			productType = "com.apple.product-type.application";
		};
/* End PBXNativeTarget section */

/* Begin PBXProject section */
		A31E9FA81FC329DB0065130B /* Project object */ = {
			isa = PBXProject;
			attributes = {
				LastSwiftUpdateCheck = 0910;
				LastUpgradeCheck = 0910;
				ORGANIZATIONNAME = Julia;
				TargetAttributes = {
					A31E9FAF1FC329DB0065130B = {
						CreatedOnToolsVersion = 9.1;
						ProvisioningStyle = Automatic;
					};
				};
			};
			buildConfigurationList = A31E9FAB1FC329DB0065130B /* Build configuration list for PBXProject "Concentration" */;
			compatibilityVersion = "Xcode 8.0";
			developmentRegion = en;
			hasScannedForEncodings = 0;
			knownRegions = (
				en,
				Base,
			);
			mainGroup = A31E9FA71FC329DB0065130B;
			productRefGroup = A31E9FB11FC329DB0065130B /* Products */;
			projectDirPath = "";
			projectRoot = "";
			targets = (
				A31E9FAF1FC329DB0065130B /* Concentration */,
			);
		};
/* End PBXProject section */

/* Begin PBXResourcesBuildPhase section */
		A31E9FAE1FC329DB0065130B /* Resources */ = {
			isa = PBXResourcesBuildPhase;
			buildActionMask = 2147483647;
			files = (
				A31E9FBE1FC329DB0065130B /* LaunchScreen.storyboard in Resources */,
				A31E9FBB1FC329DB0065130B /* Assets.xcassets in Resources */,
				A31E9FB91FC329DB0065130B /* Main.storyboard in Resources */,
			);
			runOnlyForDeploymentPostprocessing = 0;
		};
/* End PBXResourcesBuildPhase section */

/* Begin PBXSourcesBuildPhase section */
		A31E9FAC1FC329DB0065130B /* Sources */ = {
			isa = PBXSourcesBuildPhase;
			buildActionMask = 2147483647;
			files = (
				A31E9FB61FC329DB0065130B /* ConcentrationViewController.swift in Sources */,
				A31E9FB41FC329DB0065130B /* AppDelegate.swift in Sources */,
				A31E9FC71FC600EF0065130B /* Concentration.swift in Sources */,
				A3AECB96208A810A0018D82B /* ThemeChooserViewController.swift in Sources */,
				A31E9FC91FC606AA0065130B /* Card.swift in Sources */,
			);
			runOnlyForDeploymentPostprocessing = 0;
		};
/* End PBXSourcesBuildPhase section */

/* Begin PBXVariantGroup section */
		A31E9FB71FC329DB0065130B /* Main.storyboard */ = {
			isa = PBXVariantGroup;
			children = (
				A31E9FB81FC329DB0065130B /* Base */,
			);
			name = Main.storyboard;
			sourceTree = "<group>";
		};
		A31E9FBC1FC329DB0065130B /* LaunchScreen.storyboard */ = {
			isa = PBXVariantGroup;
			children = (
				A31E9FBD1FC329DB0065130B /* Base */,
			);
			name = LaunchScreen.storyboard;
			sourceTree = "<group>";
		};
/* End PBXVariantGroup section */

/* Begin XCBuildConfiguration section */
		A31E9FC01FC329DB0065130B /* Debug */ = {
			isa = XCBuildConfiguration;
			buildSettings = {
				ALWAYS_SEARCH_USER_PATHS = NO;
				CLANG_ANALYZER_NONNULL = YES;
				CLANG_ANALYZER_NUMBER_OBJECT_CONVERSION = YES_AGGRESSIVE;
				CLANG_CXX_LANGUAGE_STANDARD = "gnu++14";
				CLANG_CXX_LIBRARY = "libc++";
				CLANG_ENABLE_MODULES = YES;
				CLANG_ENABLE_OBJC_ARC = YES;
				CLANG_WARN_BLOCK_CAPTURE_AUTORELEASING = YES;
				CLANG_WARN_BOOL_CONVERSION = YES;
				CLANG_WARN_COMMA = YES;
				CLANG_WARN_CONSTANT_CONVERSION = YES;
				CLANG_WARN_DIRECT_OBJC_ISA_USAGE = YES_ERROR;
				CLANG_WARN_DOCUMENTATION_COMMENTS = YES;
				CLANG_WARN_EMPTY_BODY = YES;
				CLANG_WARN_ENUM_CONVERSION = YES;
				CLANG_WARN_INFINITE_RECURSION = YES;
				CLANG_WARN_INT_CONVERSION = YES;
				CLANG_WARN_NON_LITERAL_NULL_CONVERSION = YES;
				CLANG_WARN_OBJC_LITERAL_CONVERSION = YES;
				CLANG_WARN_OBJC_ROOT_CLASS = YES_ERROR;
				CLANG_WARN_RANGE_LOOP_ANALYSIS = YES;
				CLANG_WARN_STRICT_PROTOTYPES = YES;
				CLANG_WARN_SUSPICIOUS_MOVE = YES;
				CLANG_WARN_UNGUARDED_AVAILABILITY = YES_AGGRESSIVE;
				CLANG_WARN_UNREACHABLE_CODE = YES;
				CLANG_WARN__DUPLICATE_METHOD_MATCH = YES;
				CODE_SIGN_IDENTITY = "iPhone Developer";
				COPY_PHASE_STRIP = NO;
				DEBUG_INFORMATION_FORMAT = dwarf;
				ENABLE_STRICT_OBJC_MSGSEND = YES;
				ENABLE_TESTABILITY = YES;
				GCC_C_LANGUAGE_STANDARD = gnu11;
				GCC_DYNAMIC_NO_PIC = NO;
				GCC_NO_COMMON_BLOCKS = YES;
				GCC_OPTIMIZATION_LEVEL = 0;
				GCC_PREPROCESSOR_DEFINITIONS = (
					"DEBUG=1",
					"$(inherited)",
				);
				GCC_WARN_64_TO_32_BIT_CONVERSION = YES;
				GCC_WARN_ABOUT_RETURN_TYPE = YES_ERROR;
				GCC_WARN_UNDECLARED_SELECTOR = YES;
				GCC_WARN_UNINITIALIZED_AUTOS = YES_AGGRESSIVE;
				GCC_WARN_UNUSED_FUNCTION = YES;
				GCC_WARN_UNUSED_VARIABLE = YES;
				IPHONEOS_DEPLOYMENT_TARGET = 11.1;
				MTL_ENABLE_DEBUG_INFO = YES;
				ONLY_ACTIVE_ARCH = YES;
				SDKROOT = iphoneos;
				SWIFT_ACTIVE_COMPILATION_CONDITIONS = DEBUG;
				SWIFT_OPTIMIZATION_LEVEL = "-Onone";
			};
			name = Debug;
		};
		A31E9FC11FC329DB0065130B /* Release */ = {
			isa = XCBuildConfiguration;
			buildSettings = {
				ALWAYS_SEARCH_USER_PATHS = NO;
				CLANG_ANALYZER_NONNULL = YES;
				CLANG_ANALYZER_NUMBER_OBJECT_CONVERSION = YES_AGGRESSIVE;
				CLANG_CXX_LANGUAGE_STANDARD = "gnu++14";
				CLANG_CXX_LIBRARY = "libc++";
				CLANG_ENABLE_MODULES = YES;
				CLANG_ENABLE_OBJC_ARC = YES;
				CLANG_WARN_BLOCK_CAPTURE_AUTORELEASING = YES;
				CLANG_WARN_BOOL_CONVERSION = YES;
				CLANG_WARN_COMMA = YES;
				CLANG_WARN_CONSTANT_CONVERSION = YES;
				CLANG_WARN_DIRECT_OBJC_ISA_USAGE = YES_ERROR;
				CLANG_WARN_DOCUMENTATION_COMMENTS = YES;
				CLANG_WARN_EMPTY_BODY = YES;
				CLANG_WARN_ENUM_CONVERSION = YES;
				CLANG_WARN_INFINITE_RECURSION = YES;
				CLANG_WARN_INT_CONVERSION = YES;
				CLANG_WARN_NON_LITERAL_NULL_CONVERSION = YES;
				CLANG_WARN_OBJC_LITERAL_CONVERSION = YES;
				CLANG_WARN_OBJC_ROOT_CLASS = YES_ERROR;
				CLANG_WARN_RANGE_LOOP_ANALYSIS = YES;
				CLANG_WARN_STRICT_PROTOTYPES = YES;
				CLANG_WARN_SUSPICIOUS_MOVE = YES;
				CLANG_WARN_UNGUARDED_AVAILABILITY = YES_AGGRESSIVE;
				CLANG_WARN_UNREACHABLE_CODE = YES;
				CLANG_WARN__DUPLICATE_METHOD_MATCH = YES;
				CODE_SIGN_IDENTITY = "iPhone Developer";
				COPY_PHASE_STRIP = NO;
				DEBUG_INFORMATION_FORMAT = "dwarf-with-dsym";
				ENABLE_NS_ASSERTIONS = NO;
				ENABLE_STRICT_OBJC_MSGSEND = YES;
				GCC_C_LANGUAGE_STANDARD = gnu11;
				GCC_NO_COMMON_BLOCKS = YES;
				GCC_WARN_64_TO_32_BIT_CONVERSION = YES;
				GCC_WARN_ABOUT_RETURN_TYPE = YES_ERROR;
				GCC_WARN_UNDECLARED_SELECTOR = YES;
				GCC_WARN_UNINITIALIZED_AUTOS = YES_AGGRESSIVE;
				GCC_WARN_UNUSED_FUNCTION = YES;
				GCC_WARN_UNUSED_VARIABLE = YES;
				IPHONEOS_DEPLOYMENT_TARGET = 11.1;
				MTL_ENABLE_DEBUG_INFO = NO;
				SDKROOT = iphoneos;
				SWIFT_OPTIMIZATION_LEVEL = "-Owholemodule";
				VALIDATE_PRODUCT = YES;
			};
			name = Release;
		};
		A31E9FC31FC329DB0065130B /* Debug */ = {
			isa = XCBuildConfiguration;
			buildSettings = {
				ASSETCATALOG_COMPILER_APPICON_NAME = AppIcon;
				CODE_SIGN_STYLE = Automatic;
				INFOPLIST_FILE = Concentration/Info.plist;
				LD_RUNPATH_SEARCH_PATHS = "$(inherited) @executable_path/Frameworks";
				PRODUCT_BUNDLE_IDENTIFIER = com.julia.Concentration;
				PRODUCT_NAME = "$(TARGET_NAME)";
				SWIFT_VERSION = 4.0;
				TARGETED_DEVICE_FAMILY = "1,2";
			};
			name = Debug;
		};
		A31E9FC41FC329DB0065130B /* Release */ = {
			isa = XCBuildConfiguration;
			buildSettings = {
				ASSETCATALOG_COMPILER_APPICON_NAME = AppIcon;
				CODE_SIGN_STYLE = Automatic;
				INFOPLIST_FILE = Concentration/Info.plist;
				LD_RUNPATH_SEARCH_PATHS = "$(inherited) @executable_path/Frameworks";
				PRODUCT_BUNDLE_IDENTIFIER = com.julia.Concentration;
				PRODUCT_NAME = "$(TARGET_NAME)";
				SWIFT_VERSION = 4.0;
				TARGETED_DEVICE_FAMILY = "1,2";
			};
			name = Release;
		};
/* End XCBuildConfiguration section */

/* Begin XCConfigurationList section */
		A31E9FAB1FC329DB0065130B /* Build configuration list for PBXProject "Concentration" */ = {
			isa = XCConfigurationList;
			buildConfigurations = (
				A31E9FC01FC329DB0065130B /* Debug */,
				A31E9FC11FC329DB0065130B /* Release */,
			);
			defaultConfigurationIsVisible = 0;
			defaultConfigurationName = Release;
		};
		A31E9FC21FC329DB0065130B /* Build configuration list for PBXNativeTarget "Concentration" */ = {
			isa = XCConfigurationList;
			buildConfigurations = (
				A31E9FC31FC329DB0065130B /* Debug */,
				A31E9FC41FC329DB0065130B /* Release */,
			);
			defaultConfigurationIsVisible = 0;
			defaultConfigurationName = Release;
		};
/* End XCConfigurationList section */
	};
	rootObject = A31E9FA81FC329DB0065130B /* Project object */;
}
